{
  "version": 4,
  "terraform_version": "1.15.5",
  "serial": 5,
  "lineage": "c6881492-131b-c1dd-10bd-4b9b0468885c",
  "outputs": {
    "iam_user_name": {
      "value": "test-demo-user",
      "type": "string"
    },
    "s3_bucket_arn": {
      "value": "arn:aws:s3:::test-demo-bucket-86576468784",
      "type": "string"
    }
  },
  "resources": [
    {
      "module": "module.demo-stack",
      "mode": "managed",
      "type": "aws_iam_user",
      "name": "demo_user",
      "provider": "provider[\"registry.terraform.io/hashicorp/aws\"]",
      "instances": [
        {
          "schema_version": 0,
          "attributes": {
            "arn": "arn:aws:iam::039148079480:user/test-demo-user",
            "force_destroy": false,
            "id": "test-demo-user",
            "name": "test-demo-user",
            "path": "/",
            "permissions_boundary": "",
            "tags": {
              "purpose": "test-demo"
            },
            "tags_all": {
              "purpose": "test-demo"
            },
            "unique_id": "AIDAQSHLIJF4ECRVFYHJM"
          },
          "sensitive_attributes": [],
          "identity_schema_version": 0,
          "identity": {
            "account_id": "039148079480",
            "name": "test-demo-user"
          },
          "private": "bnVsbA=="
        }
      ]
    },
    {
      "module": "module.demo-stack",
      "mode": "managed",
      "type": "aws_s3_bucket",
      "name": "demo_bucket",
      "provider": "provider[\"registry.terraform.io/hashicorp/aws\"]",
      "instances": [
        {
          "schema_version": 0,
          "attributes": {
            "acceleration_status": "",
            "acl": null,
            "arn": "arn:aws:s3:::test-demo-bucket-86576468784",
            "bucket": "test-demo-bucket-86576468784",
            "bucket_domain_name": "test-demo-bucket-86576468784.s3.amazonaws.com",
            "bucket_namespace": "global",
            "bucket_prefix": "",
            "bucket_region": "us-east-1",
            "bucket_regional_domain_name": "test-demo-bucket-86576468784.s3.us-east-1.amazonaws.com",
            "cors_rule": [],
            "force_destroy": false,
            "grant": [
              {
                "id": "b1e527c9ecf5353bc1c7b3d1b6802b86e050e23e5cecc0ae0e95b230640b095b",
                "permissions": [
                  "FULL_CONTROL"
                ],
                "type": "CanonicalUser",
                "uri": ""
              }
            ],
            "hosted_zone_id": "Z3AQBSTGFYJSTF",
            "id": "test-demo-bucket-86576468784",
            "lifecycle_rule": [],
            "logging": [],
            "object_lock_configuration": [],
            "object_lock_enabled": false,
            "policy": "",
            "region": "us-east-1",
            "replication_configuration": [],
            "request_payer": "BucketOwner",
            "server_side_encryption_configuration": [
              {
                "rule": [
                  {
                    "apply_server_side_encryption_by_default": [
                      {
                        "kms_master_key_id": "",
                        "sse_algorithm": "AES256"
                      }
                    ],
                    "bucket_key_enabled": false
                  }
                ]
              }
            ],
            "tags": {
              "Environment": "test",
              "purpose": "test-demo"
            },
            "tags_all": {
              "Environment": "test",
              "purpose": "test-demo"
            },
            "timeouts": null,
            "versioning": [
              {
                "enabled": false,
                "mfa_delete": false
              }
            ],
            "website": [],
            "website_domain": null,
            "website_endpoint": null
          },
          "sensitive_attributes": [],
          "identity_schema_version": 0,
          "identity": {
            "account_id": "039148079480",
            "bucket": "test-demo-bucket-86576468784",
            "region": "us-east-1"
          },
          "private": "eyJlMmJmYjczMC1lY2FhLTExZTYtOGY4OC0zNDM2M2JjN2M0YzAiOnsiY3JlYXRlIjoxMjAwMDAwMDAwMDAwLCJkZWxldGUiOjM2MDAwMDAwMDAwMDAsInJlYWQiOjEyMDAwMDAwMDAwMDAsInVwZGF0ZSI6MTIwMDAwMDAwMDAwMH19"
        }
      ]
    },
    {
      "module": "module.demo-stack",
      "mode": "managed",
      "type": "aws_s3_bucket_versioning",
      "name": "demo_bucket_versioning",
      "provider": "provider[\"registry.terraform.io/hashicorp/aws\"]",
      "instances": [
        {
          "index_key": 0,
          "schema_version": 0,
          "attributes": {
            "bucket": "test-demo-bucket-86576468784",
            "expected_bucket_owner": "",
            "id": "test-demo-bucket-86576468784",
            "mfa": null,
            "region": "us-east-1",
            "versioning_configuration": [
              {
                "mfa_delete": "",
                "status": "Enabled"
              }
            ]
          },
          "sensitive_attributes": [],
          "identity_schema_version": 1,
          "identity": {
            "account_id": "039148079480",
            "bucket": "test-demo-bucket-86576468784",
            "region": "us-east-1"
          },
          "private": "bnVsbA==",
          "dependencies": [
            "module.demo-stack.aws_s3_bucket.demo_bucket"
          ]
        }
      ]
    }
  ],
  "check_results": null
}
